
Microsoft Visual Studio Solution File, Format Version 12.00
# Visual Studio Version 17
VisualStudioVersion = 17.10.35013.160
MinimumVisualStudioVersion = 10.0.40219.1
Project("{FAE04EC0-301F-11D3-BF4B-00C04F79EFBC}") = "RectanglesApp", "RectanglesApp\RectanglesApp.csproj", "{59308C75-249B-4DF3-AB92-C67A3E3B4E4B}"
EndProject
Project("{FAE04EC0-301F-11D3-BF4B-00C04F79EFBC}") = "RectanglesAppTests", "RectanglesAppTests\RectanglesAppTests.csproj", "{50691C8A-3ECA-4C66-8DDC-DA2FD4870A32}"
EndProject
Global
	GlobalSection(SolutionConfigurationPlatforms) = preSolution
		Debug|Any CPU = Debug|Any CPU
		Release|Any CPU = Release|Any CPU
	EndGlobalSection
	GlobalSection(ProjectConfigurationPlatforms) = postSolution
		{59308C75-249B-4DF3-AB92-C67A3E3B4E4B}.Debug|Any CPU.ActiveCfg = Debug|Any CPU
		{59308C75-249B-4DF3-AB92-C67A3E3B4E4B}.Debug|Any CPU.Build.0 = Debug|Any CPU
		{59308C75-249B-4DF3-AB92-C67A3E3B4E4B}.Release|Any CPU.ActiveCfg = Release|Any CPU
		{59308C75-249B-4DF3-AB92-C67A3E3B4E4B}.Release|Any CPU.Build.0 = Release|Any CPU
		{50691C8A-3ECA-4C66-8DDC-DA2FD4870A32}.Debug|Any CPU.ActiveCfg = Debug|Any CPU
		{50691C8A-3ECA-4C66-8DDC-DA2FD4870A32}.Debug|Any CPU.Build.0 = Debug|Any CPU
		{50691C8A-3ECA-4C66-8DDC-DA2FD4870A32}.Release|Any CPU.ActiveCfg = Release|Any CPU
		{50691C8A-3ECA-4C66-8DDC-DA2FD4870A32}.Release|Any CPU.Build.0 = Release|Any CPU
	EndGlobalSection
	GlobalSection(SolutionProperties) = preSolution
		HideSolutionNode = FALSE
	EndGlobalSection
	GlobalSection(ExtensibilityGlobals) = postSolution
		SolutionGuid = {CB2BC86A-0ECA-490A-AEC4-7963385BF878}
	EndGlobalSection
EndGlobal
